
Microsoft Visual Studio Solution File, Format Version 12.00
# Visual Studio Version 17
VisualStudioVersion = 17.7.34031.279
MinimumVisualStudioVersion = 10.0.40219.1
Project("{FAE04EC0-301F-11D3-BF4B-00C04F79EFBC}") = "ConsoleСalculator", "ConsoleСalculator\ConsoleСalculator.csproj", "{290DBE4E-4CD9-43D8-AB0C-88946BCCA2C2}"
EndProject
Global
	GlobalSection(SolutionConfigurationPlatforms) = preSolution
		Debug|Any CPU = Debug|Any CPU
		Release|Any CPU = Release|Any CPU
	EndGlobalSection
	GlobalSection(ProjectConfigurationPlatforms) = postSolution
		{290DBE4E-4CD9-43D8-AB0C-88946BCCA2C2}.Debug|Any CPU.ActiveCfg = Debug|Any CPU
		{290DBE4E-4CD9-43D8-AB0C-88946BCCA2C2}.Debug|Any CPU.Build.0 = Debug|Any CPU
		{290DBE4E-4CD9-43D8-AB0C-88946BCCA2C2}.Release|Any CPU.ActiveCfg = Release|Any CPU
		{290DBE4E-4CD9-43D8-AB0C-88946BCCA2C2}.Release|Any CPU.Build.0 = Release|Any CPU
	EndGlobalSection
	GlobalSection(SolutionProperties) = preSolution
		HideSolutionNode = FALSE
	EndGlobalSection
	GlobalSection(ExtensibilityGlobals) = postSolution
		SolutionGuid = {F8A3CA2A-26D1-4A0E-90D2-C71AA4F1F745}
	EndGlobalSection
EndGlobal
